// !$*UTF8*$!
{
	archiveVersion = 1;
	classes = {
	};
	objectVersion = 46;
	objects = {

/* Begin PBXBuildFile section */
		1D3623260D0F684500981E51 /* Crimson_iPhoneAppDelegate.m in Sources */ = {isa = PBXBuildFile; fileRef = 1D3623250D0F684500981E51 /* Crimson_iPhoneAppDelegate.m */; };
		1D60589B0D05DD56006BFB54 /* main.m in Sources */ = {isa = PBXBuildFile; fileRef = 29B97316FDCFA39411CA2CEA /* main.m */; };
		1D60589F0D05DD5A006BFB54 /* Foundation.framework in Frameworks */ = {isa = PBXBuildFile; fileRef = 1D30AB110D05D00D00671497 /* Foundation.framework */; };
		1DF5F4E00D08C38300B7A737 /* UIKit.framework in Frameworks */ = {isa = PBXBuildFile; fileRef = 1DF5F4DF0D08C38300B7A737 /* UIKit.framework */; };
		28193060112F816700ECF9B4 /* Crimson_iPhone.xcdatamodeld in Sources */ = {isa = PBXBuildFile; fileRef = 2819305F112F816700ECF9B4 /* Crimson_iPhone.xcdatamodeld */; };
		288765A50DF7441C002DB57D /* CoreGraphics.framework in Frameworks */ = {isa = PBXBuildFile; fileRef = 288765A40DF7441C002DB57D /* CoreGraphics.framework */; };
		28AD733F0D9D9553002E5188 /* MainWindow.xib in Resources */ = {isa = PBXBuildFile; fileRef = 28AD733E0D9D9553002E5188 /* MainWindow.xib */; };
		28D801B40F44B63D00FB423F /* CoreData.framework in Frameworks */ = {isa = PBXBuildFile; fileRef = 28D801B30F44B63D00FB423F /* CoreData.framework */; };
		E50C934B13DD5974005DDE8B /* libobjc.A.dylib in Frameworks */ = {isa = PBXBuildFile; fileRef = E50C934A13DD5974005DDE8B /* libobjc.A.dylib */; };
		E525ABA513D9D52E00203B4C /* NewsDetailViewController.m in Sources */ = {isa = PBXBuildFile; fileRef = E525ABA313D9D52E00203B4C /* NewsDetailViewController.m */; };
		E525ABA613D9D52E00203B4C /* NewsDetailViewController.xib in Resources */ = {isa = PBXBuildFile; fileRef = E525ABA413D9D52E00203B4C /* NewsDetailViewController.xib */; };
		E525ABCA13D9D72C00203B4C /* FeedListViewController.m in Sources */ = {isa = PBXBuildFile; fileRef = E525ABC813D9D72C00203B4C /* FeedListViewController.m */; };
		E525ABCB13D9D72C00203B4C /* FeedListViewController.xib in Resources */ = {isa = PBXBuildFile; fileRef = E525ABC913D9D72C00203B4C /* FeedListViewController.xib */; };
		E53BA2CD13DE1A8B0098761C /* HTMLNode.m in Sources */ = {isa = PBXBuildFile; fileRef = E53BA2CA13DE1A8B0098761C /* HTMLNode.m */; };
		E53BA2CE13DE1A8B0098761C /* HTMLParser.m in Sources */ = {isa = PBXBuildFile; fileRef = E53BA2CC13DE1A8B0098761C /* HTMLParser.m */; };
		E53BA2E013DE1B080098761C /* libxml2.dylib in Frameworks */ = {isa = PBXBuildFile; fileRef = E53BA2DF13DE1B080098761C /* libxml2.dylib */; };
		E556579B13DB08ED00479193 /* NewsItem.m in Sources */ = {isa = PBXBuildFile; fileRef = E556579A13DB08ED00479193 /* NewsItem.m */; };
		E55657B213DB0C9100479193 /* ArticleTableViewCell.m in Sources */ = {isa = PBXBuildFile; fileRef = E55657B113DB0C9100479193 /* ArticleTableViewCell.m */; };
		E55657B513DB0CB400479193 /* BaseItemTableViewCell.m in Sources */ = {isa = PBXBuildFile; fileRef = E55657B413DB0CB400479193 /* BaseItemTableViewCell.m */; };
		E55657FC13DB116300479193 /* table_hr.png in Resources */ = {isa = PBXBuildFile; fileRef = E55657FB13DB116300479193 /* table_hr.png */; };
		E55657FE13DB117900479193 /* table_hr@2x.png in Resources */ = {isa = PBXBuildFile; fileRef = E55657FD13DB117900479193 /* table_hr@2x.png */; };
		E556582713DB17F100479193 /* UILabel+Categories.m in Sources */ = {isa = PBXBuildFile; fileRef = E556582613DB17F100479193 /* UILabel+Categories.m */; };
		E556583213DB195000479193 /* grey_seal.png in Resources */ = {isa = PBXBuildFile; fileRef = E556583113DB195000479193 /* grey_seal.png */; };
		E55658C213DB1D4000479193 /* SDImageCache.m in Sources */ = {isa = PBXBuildFile; fileRef = E55658B713DB1D4000479193 /* SDImageCache.m */; };
		E55658C313DB1D4000479193 /* SDWebImageDownloader.m in Sources */ = {isa = PBXBuildFile; fileRef = E55658BB13DB1D4000479193 /* SDWebImageDownloader.m */; };
		E55658C413DB1D4000479193 /* SDWebImageManager.m in Sources */ = {isa = PBXBuildFile; fileRef = E55658BE13DB1D4000479193 /* SDWebImageManager.m */; };
		E55658C513DB1D4000479193 /* UIImageView+WebCache.m in Sources */ = {isa = PBXBuildFile; fileRef = E55658C113DB1D4000479193 /* UIImageView+WebCache.m */; };
		E5635CE913DC21F6000DC94D /* NSDataAdditions.m in Sources */ = {isa = PBXBuildFile; fileRef = E5635CE613DC21F6000DC94D /* NSDataAdditions.m */; };
		E5635CEA13DC21F6000DC94D /* TBXML.m in Sources */ = {isa = PBXBuildFile; fileRef = E5635CE813DC21F6000DC94D /* TBXML.m */; };
		E5635CFD13DC22E5000DC94D /* libz.dylib in Frameworks */ = {isa = PBXBuildFile; fileRef = E5635CFC13DC22E5000DC94D /* libz.dylib */; };
		E5635D0713DC23BB000DC94D /* RequestOperation.m in Sources */ = {isa = PBXBuildFile; fileRef = E5635D0613DC23BB000DC94D /* RequestOperation.m */; };
		E5635D2413DC2532000DC94D /* BGThreadProcesser.m in Sources */ = {isa = PBXBuildFile; fileRef = E5635D2313DC2532000DC94D /* BGThreadProcesser.m */; };
		E5635D5613DC2DA7000DC94D /* NewsRequestOperation.m in Sources */ = {isa = PBXBuildFile; fileRef = E5635D5513DC2DA7000DC94D /* NewsRequestOperation.m */; };
		E5635D6D13DC35E7000DC94D /* GTMNSString+HTML.m in Sources */ = {isa = PBXBuildFile; fileRef = E5635D6C13DC35E7000DC94D /* GTMNSString+HTML.m */; };
		E5635D7213DC383D000DC94D /* NSDate+RelativeDate.m in Sources */ = {isa = PBXBuildFile; fileRef = E5635D7113DC383D000DC94D /* NSDate+RelativeDate.m */; };
		E57C8D3513DD83BE00B9D0DB /* BaseModel.m in Sources */ = {isa = PBXBuildFile; fileRef = E57C8D3413DD83BE00B9D0DB /* BaseModel.m */; };
		E57C8D3813DD83F200B9D0DB /* NSObjectAdditions.m in Sources */ = {isa = PBXBuildFile; fileRef = E57C8D3713DD83F200B9D0DB /* NSObjectAdditions.m */; };
		E5847F7413DC9DC300772AF3 /* MessageUI.framework in Frameworks */ = {isa = PBXBuildFile; fileRef = E5847F7313DC9DC300772AF3 /* MessageUI.framework */; };
		E584803713DCAA9000772AF3 /* seal_background.png in Resources */ = {isa = PBXBuildFile; fileRef = E584803613DCAA9000772AF3 /* seal_background.png */; };
		E584806B13DCB52800772AF3 /* UIView+FirstResponder.m in Sources */ = {isa = PBXBuildFile; fileRef = E584806A13DCB52800772AF3 /* UIView+FirstResponder.m */; };
		E584907913DCD18A0034CF5C /* ASIAuthenticationDialog.m in Sources */ = {isa = PBXBuildFile; fileRef = E584906413DCD18A0034CF5C /* ASIAuthenticationDialog.m */; };
		E584907A13DCD18A0034CF5C /* ASIDataCompressor.m in Sources */ = {isa = PBXBuildFile; fileRef = E584906713DCD18A0034CF5C /* ASIDataCompressor.m */; };
		E584907B13DCD18A0034CF5C /* ASIDataDecompressor.m in Sources */ = {isa = PBXBuildFile; fileRef = E584906913DCD18A0034CF5C /* ASIDataDecompressor.m */; };
		E584907C13DCD18A0034CF5C /* ASIDownloadCache.m in Sources */ = {isa = PBXBuildFile; fileRef = E584906B13DCD18A0034CF5C /* ASIDownloadCache.m */; };
		E584907D13DCD18A0034CF5C /* ASIFormDataRequest.m in Sources */ = {isa = PBXBuildFile; fileRef = E584906D13DCD18A0034CF5C /* ASIFormDataRequest.m */; };
		E584907E13DCD18A0034CF5C /* ASIHTTPRequest.m in Sources */ = {isa = PBXBuildFile; fileRef = E584906F13DCD18A0034CF5C /* ASIHTTPRequest.m */; };
		E584907F13DCD18A0034CF5C /* ASIInputStream.m in Sources */ = {isa = PBXBuildFile; fileRef = E584907313DCD18A0034CF5C /* ASIInputStream.m */; };
		E584908013DCD18A0034CF5C /* ASINetworkQueue.m in Sources */ = {isa = PBXBuildFile; fileRef = E584907513DCD18A0034CF5C /* ASINetworkQueue.m */; };
		E584908113DCD18A0034CF5C /* ASIWebPageRequest.m in Sources */ = {isa = PBXBuildFile; fileRef = E584907813DCD18A0034CF5C /* ASIWebPageRequest.m */; };
		E584908913DCD24E0034CF5C /* Reachability.m in Sources */ = {isa = PBXBuildFile; fileRef = E584908813DCD24E0034CF5C /* Reachability.m */; };
		E584909713DCD2990034CF5C /* CFNetwork.framework in Frameworks */ = {isa = PBXBuildFile; fileRef = E584909613DCD2990034CF5C /* CFNetwork.framework */; };
		E584909B13DCD2BD0034CF5C /* MobileCoreServices.framework in Frameworks */ = {isa = PBXBuildFile; fileRef = E584909A13DCD2BD0034CF5C /* MobileCoreServices.framework */; };
		E584909F13DCD2D20034CF5C /* SystemConfiguration.framework in Frameworks */ = {isa = PBXBuildFile; fileRef = E584909E13DCD2D20034CF5C /* SystemConfiguration.framework */; };
/* End PBXBuildFile section */

/* Begin PBXFileReference section */
		1D30AB110D05D00D00671497 /* Foundation.framework */ = {isa = PBXFileReference; lastKnownFileType = wrapper.framework; name = Foundation.framework; path = System/Library/Frameworks/Foundation.framework; sourceTree = SDKROOT; };
		1D3623240D0F684500981E51 /* Crimson_iPhoneAppDelegate.h */ = {isa = PBXFileReference; fileEncoding = 4; lastKnownFileType = sourcecode.c.h; path = Crimson_iPhoneAppDelegate.h; sourceTree = "<group>"; };
		1D3623250D0F684500981E51 /* Crimson_iPhoneAppDelegate.m */ = {isa = PBXFileReference; fileEncoding = 4; lastKnownFileType = sourcecode.c.objc; path = Crimson_iPhoneAppDelegate.m; sourceTree = "<group>"; };
		1D6058910D05DD3D006BFB54 /* Crimson_iPhone.app */ = {isa = PBXFileReference; explicitFileType = wrapper.application; includeInIndex = 0; path = Crimson_iPhone.app; sourceTree = BUILT_PRODUCTS_DIR; };
		1DF5F4DF0D08C38300B7A737 /* UIKit.framework */ = {isa = PBXFileReference; lastKnownFileType = wrapper.framework; name = UIKit.framework; path = System/Library/Frameworks/UIKit.framework; sourceTree = SDKROOT; };
		288765A40DF7441C002DB57D /* CoreGraphics.framework */ = {isa = PBXFileReference; lastKnownFileType = wrapper.framework; name = CoreGraphics.framework; path = System/Library/Frameworks/CoreGraphics.framework; sourceTree = SDKROOT; };
		28AD733E0D9D9553002E5188 /* MainWindow.xib */ = {isa = PBXFileReference; lastKnownFileType = file.xib; path = MainWindow.xib; sourceTree = "<group>"; };
		28C3AD890F43EF2300507BA6 /* Crimson_iPhone.xcdatamodel */ = {isa = PBXFileReference; fileEncoding = 4; lastKnownFileType = wrapper.xcdatamodel; path = Crimson_iPhone.xcdatamodel; sourceTree = "<group>"; };
		28D801B30F44B63D00FB423F /* CoreData.framework */ = {isa = PBXFileReference; lastKnownFileType = wrapper.framework; name = CoreData.framework; path = System/Library/Frameworks/CoreData.framework; sourceTree = SDKROOT; };
		29B97316FDCFA39411CA2CEA /* main.m */ = {isa = PBXFileReference; fileEncoding = 4; lastKnownFileType = sourcecode.c.objc; path = main.m; sourceTree = "<group>"; };
		32CA4F630368D1EE00C91783 /* Crimson_iPhone_Prefix.pch */ = {isa = PBXFileReference; fileEncoding = 4; lastKnownFileType = sourcecode.c.h; path = Crimson_iPhone_Prefix.pch; sourceTree = "<group>"; };
		8D1107310486CEB800E47090 /* Crimson_iPhone-Info.plist */ = {isa = PBXFileReference; fileEncoding = 4; lastKnownFileType = text.plist.xml; path = "Crimson_iPhone-Info.plist"; plistStructureDefinitionIdentifier = "com.apple.xcode.plist.structure-definition.iphone.info-plist"; sourceTree = "<group>"; };
		E50C934A13DD5974005DDE8B /* libobjc.A.dylib */ = {isa = PBXFileReference; lastKnownFileType = "compiled.mach-o.dylib"; name = libobjc.A.dylib; path = usr/lib/libobjc.A.dylib; sourceTree = SDKROOT; };
		E525ABA213D9D52E00203B4C /* NewsDetailViewController.h */ = {isa = PBXFileReference; fileEncoding = 4; lastKnownFileType = sourcecode.c.h; path = NewsDetailViewController.h; sourceTree = "<group>"; };
		E525ABA313D9D52E00203B4C /* NewsDetailViewController.m */ = {isa = PBXFileReference; fileEncoding = 4; lastKnownFileType = sourcecode.c.objc; path = NewsDetailViewController.m; sourceTree = "<group>"; };
		E525ABA413D9D52E00203B4C /* NewsDetailViewController.xib */ = {isa = PBXFileReference; lastKnownFileType = file.xib; name = NewsDetailViewController.xib; path = Classes/NewsDetailViewController.xib; sourceTree = "<group>"; };
		E525ABC713D9D72C00203B4C /* FeedListViewController.h */ = {isa = PBXFileReference; fileEncoding = 4; lastKnownFileType = sourcecode.c.h; path = FeedListViewController.h; sourceTree = "<group>"; };
		E525ABC813D9D72C00203B4C /* FeedListViewController.m */ = {isa = PBXFileReference; fileEncoding = 4; lastKnownFileType = sourcecode.c.objc; path = FeedListViewController.m; sourceTree = "<group>"; };
		E525ABC913D9D72C00203B4C /* FeedListViewController.xib */ = {isa = PBXFileReference; lastKnownFileType = file.xib; name = FeedListViewController.xib; path = Classes/FeedListViewController.xib; sourceTree = "<group>"; };
		E53BA2C913DE1A8B0098761C /* HTMLNode.h */ = {isa = PBXFileReference; fileEncoding = 4; lastKnownFileType = sourcecode.c.h; path = HTMLNode.h; sourceTree = "<group>"; };
		E53BA2CA13DE1A8B0098761C /* HTMLNode.m */ = {isa = PBXFileReference; fileEncoding = 4; lastKnownFileType = sourcecode.c.objc; path = HTMLNode.m; sourceTree = "<group>"; };
		E53BA2CB13DE1A8B0098761C /* HTMLParser.h */ = {isa = PBXFileReference; fileEncoding = 4; lastKnownFileType = sourcecode.c.h; path = HTMLParser.h; sourceTree = "<group>"; };
		E53BA2CC13DE1A8B0098761C /* HTMLParser.m */ = {isa = PBXFileReference; fileEncoding = 4; lastKnownFileType = sourcecode.c.objc; path = HTMLParser.m; sourceTree = "<group>"; };
		E53BA2DF13DE1B080098761C /* libxml2.dylib */ = {isa = PBXFileReference; lastKnownFileType = "compiled.mach-o.dylib"; name = libxml2.dylib; path = usr/lib/libxml2.dylib; sourceTree = SDKROOT; };
		E556579913DB08ED00479193 /* NewsItem.h */ = {isa = PBXFileReference; fileEncoding = 4; lastKnownFileType = sourcecode.c.h; path = NewsItem.h; sourceTree = "<group>"; };
		E556579A13DB08ED00479193 /* NewsItem.m */ = {isa = PBXFileReference; fileEncoding = 4; lastKnownFileType = sourcecode.c.objc; path = NewsItem.m; sourceTree = "<group>"; };
		E55657B013DB0C9100479193 /* ArticleTableViewCell.h */ = {isa = PBXFileReference; fileEncoding = 4; lastKnownFileType = sourcecode.c.h; path = ArticleTableViewCell.h; sourceTree = "<group>"; };
		E55657B113DB0C9100479193 /* ArticleTableViewCell.m */ = {isa = PBXFileReference; fileEncoding = 4; lastKnownFileType = sourcecode.c.objc; path = ArticleTableViewCell.m; sourceTree = "<group>"; };
		E55657B313DB0CB400479193 /* BaseItemTableViewCell.h */ = {isa = PBXFileReference; fileEncoding = 4; lastKnownFileType = sourcecode.c.h; path = BaseItemTableViewCell.h; sourceTree = "<group>"; };
		E55657B413DB0CB400479193 /* BaseItemTableViewCell.m */ = {isa = PBXFileReference; fileEncoding = 4; lastKnownFileType = sourcecode.c.objc; path = BaseItemTableViewCell.m; sourceTree = "<group>"; };
		E55657B913DB0D6100479193 /* NewsItemCellInterface.h */ = {isa = PBXFileReference; fileEncoding = 4; lastKnownFileType = sourcecode.c.h; path = NewsItemCellInterface.h; sourceTree = "<group>"; };
		E55657FB13DB116300479193 /* table_hr.png */ = {isa = PBXFileReference; lastKnownFileType = image.png; path = table_hr.png; sourceTree = "<group>"; };
		E55657FD13DB117900479193 /* table_hr@2x.png */ = {isa = PBXFileReference; lastKnownFileType = image.png; path = "table_hr@2x.png"; sourceTree = "<group>"; };
		E556582513DB17F100479193 /* UILabel+Categories.h */ = {isa = PBXFileReference; fileEncoding = 4; lastKnownFileType = sourcecode.c.h; path = "UILabel+Categories.h"; sourceTree = "<group>"; };
		E556582613DB17F100479193 /* UILabel+Categories.m */ = {isa = PBXFileReference; fileEncoding = 4; lastKnownFileType = sourcecode.c.objc; path = "UILabel+Categories.m"; sourceTree = "<group>"; };
		E556583113DB195000479193 /* grey_seal.png */ = {isa = PBXFileReference; lastKnownFileType = image.png; path = grey_seal.png; sourceTree = "<group>"; };
		E55658B613DB1D4000479193 /* SDImageCache.h */ = {isa = PBXFileReference; fileEncoding = 4; lastKnownFileType = sourcecode.c.h; path = SDImageCache.h; sourceTree = "<group>"; };
		E55658B713DB1D4000479193 /* SDImageCache.m */ = {isa = PBXFileReference; fileEncoding = 4; lastKnownFileType = sourcecode.c.objc; path = SDImageCache.m; sourceTree = "<group>"; };
		E55658B813DB1D4000479193 /* SDImageCacheDelegate.h */ = {isa = PBXFileReference; fileEncoding = 4; lastKnownFileType = sourcecode.c.h; path = SDImageCacheDelegate.h; sourceTree = "<group>"; };
		E55658B913DB1D4000479193 /* SDWebImageCompat.h */ = {isa = PBXFileReference; fileEncoding = 4; lastKnownFileType = sourcecode.c.h; path = SDWebImageCompat.h; sourceTree = "<group>"; };
		E55658BA13DB1D4000479193 /* SDWebImageDownloader.h */ = {isa = PBXFileReference; fileEncoding = 4; lastKnownFileType = sourcecode.c.h; path = SDWebImageDownloader.h; sourceTree = "<group>"; };
		E55658BB13DB1D4000479193 /* SDWebImageDownloader.m */ = {isa = PBXFileReference; fileEncoding = 4; lastKnownFileType = sourcecode.c.objc; path = SDWebImageDownloader.m; sourceTree = "<group>"; };
		E55658BC13DB1D4000479193 /* SDWebImageDownloaderDelegate.h */ = {isa = PBXFileReference; fileEncoding = 4; lastKnownFileType = sourcecode.c.h; path = SDWebImageDownloaderDelegate.h; sourceTree = "<group>"; };
		E55658BD13DB1D4000479193 /* SDWebImageManager.h */ = {isa = PBXFileReference; fileEncoding = 4; lastKnownFileType = sourcecode.c.h; path = SDWebImageManager.h; sourceTree = "<group>"; };
		E55658BE13DB1D4000479193 /* SDWebImageManager.m */ = {isa = PBXFileReference; fileEncoding = 4; lastKnownFileType = sourcecode.c.objc; path = SDWebImageManager.m; sourceTree = "<group>"; };
		E55658BF13DB1D4000479193 /* SDWebImageManagerDelegate.h */ = {isa = PBXFileReference; fileEncoding = 4; lastKnownFileType = sourcecode.c.h; path = SDWebImageManagerDelegate.h; sourceTree = "<group>"; };
		E55658C013DB1D4000479193 /* UIImageView+WebCache.h */ = {isa = PBXFileReference; fileEncoding = 4; lastKnownFileType = sourcecode.c.h; path = "UIImageView+WebCache.h"; sourceTree = "<group>"; };
		E55658C113DB1D4000479193 /* UIImageView+WebCache.m */ = {isa = PBXFileReference; fileEncoding = 4; lastKnownFileType = sourcecode.c.objc; path = "UIImageView+WebCache.m"; sourceTree = "<group>"; };
		E5635CE513DC21F6000DC94D /* NSDataAdditions.h */ = {isa = PBXFileReference; fileEncoding = 4; lastKnownFileType = sourcecode.c.h; path = NSDataAdditions.h; sourceTree = "<group>"; };
		E5635CE613DC21F6000DC94D /* NSDataAdditions.m */ = {isa = PBXFileReference; fileEncoding = 4; lastKnownFileType = sourcecode.c.objc; path = NSDataAdditions.m; sourceTree = "<group>"; };
		E5635CE713DC21F6000DC94D /* TBXML.h */ = {isa = PBXFileReference; fileEncoding = 4; lastKnownFileType = sourcecode.c.h; path = TBXML.h; sourceTree = "<group>"; };
		E5635CE813DC21F6000DC94D /* TBXML.m */ = {isa = PBXFileReference; fileEncoding = 4; lastKnownFileType = sourcecode.c.objc; path = TBXML.m; sourceTree = "<group>"; };
		E5635CFC13DC22E5000DC94D /* libz.dylib */ = {isa = PBXFileReference; lastKnownFileType = "compiled.mach-o.dylib"; name = libz.dylib; path = usr/lib/libz.dylib; sourceTree = SDKROOT; };
		E5635D0513DC23BB000DC94D /* RequestOperation.h */ = {isa = PBXFileReference; fileEncoding = 4; lastKnownFileType = sourcecode.c.h; path = RequestOperation.h; sourceTree = "<group>"; };
		E5635D0613DC23BB000DC94D /* RequestOperation.m */ = {isa = PBXFileReference; fileEncoding = 4; lastKnownFileType = sourcecode.c.objc; path = RequestOperation.m; sourceTree = "<group>"; };
		E5635D2213DC2532000DC94D /* BGThreadProcesser.h */ = {isa = PBXFileReference; fileEncoding = 4; lastKnownFileType = sourcecode.c.h; path = BGThreadProcesser.h; sourceTree = "<group>"; };
		E5635D2313DC2532000DC94D /* BGThreadProcesser.m */ = {isa = PBXFileReference; fileEncoding = 4; lastKnownFileType = sourcecode.c.objc; path = BGThreadProcesser.m; sourceTree = "<group>"; };
		E5635D5413DC2DA7000DC94D /* NewsRequestOperation.h */ = {isa = PBXFileReference; fileEncoding = 4; lastKnownFileType = sourcecode.c.h; path = NewsRequestOperation.h; sourceTree = "<group>"; };
		E5635D5513DC2DA7000DC94D /* NewsRequestOperation.m */ = {isa = PBXFileReference; fileEncoding = 4; lastKnownFileType = sourcecode.c.objc; path = NewsRequestOperation.m; sourceTree = "<group>"; };
		E5635D6413DC3205000DC94D /* config.h */ = {isa = PBXFileReference; fileEncoding = 4; lastKnownFileType = sourcecode.c.h; path = config.h; sourceTree = "<group>"; };
		E5635D6B13DC35E7000DC94D /* GTMNSString+HTML.h */ = {isa = PBXFileReference; fileEncoding = 4; lastKnownFileType = sourcecode.c.h; path = "GTMNSString+HTML.h"; sourceTree = "<group>"; };
		E5635D6C13DC35E7000DC94D /* GTMNSString+HTML.m */ = {isa = PBXFileReference; fileEncoding = 4; lastKnownFileType = sourcecode.c.objc; path = "GTMNSString+HTML.m"; sourceTree = "<group>"; };
		E5635D7013DC383D000DC94D /* NSDate+RelativeDate.h */ = {isa = PBXFileReference; fileEncoding = 4; lastKnownFileType = sourcecode.c.h; path = "NSDate+RelativeDate.h"; sourceTree = "<group>"; };
		E5635D7113DC383D000DC94D /* NSDate+RelativeDate.m */ = {isa = PBXFileReference; fileEncoding = 4; lastKnownFileType = sourcecode.c.objc; path = "NSDate+RelativeDate.m"; sourceTree = "<group>"; };
		E5635D7713DC3971000DC94D /* GTMDefines.h */ = {isa = PBXFileReference; fileEncoding = 4; lastKnownFileType = sourcecode.c.h; path = GTMDefines.h; sourceTree = "<group>"; };
		E57C8D3313DD83BE00B9D0DB /* BaseModel.h */ = {isa = PBXFileReference; fileEncoding = 4; lastKnownFileType = sourcecode.c.h; path = BaseModel.h; sourceTree = "<group>"; };
		E57C8D3413DD83BE00B9D0DB /* BaseModel.m */ = {isa = PBXFileReference; fileEncoding = 4; lastKnownFileType = sourcecode.c.objc; path = BaseModel.m; sourceTree = "<group>"; };
		E57C8D3613DD83F200B9D0DB /* NSObjectAdditions.h */ = {isa = PBXFileReference; fileEncoding = 4; lastKnownFileType = sourcecode.c.h; path = NSObjectAdditions.h; sourceTree = "<group>"; };
		E57C8D3713DD83F200B9D0DB /* NSObjectAdditions.m */ = {isa = PBXFileReference; fileEncoding = 4; lastKnownFileType = sourcecode.c.objc; path = NSObjectAdditions.m; sourceTree = "<group>"; };
		E5847F7313DC9DC300772AF3 /* MessageUI.framework */ = {isa = PBXFileReference; lastKnownFileType = wrapper.framework; name = MessageUI.framework; path = System/Library/Frameworks/MessageUI.framework; sourceTree = SDKROOT; };
		E5847F8413DC9E8000772AF3 /* dialogs.h */ = {isa = PBXFileReference; fileEncoding = 4; lastKnownFileType = sourcecode.c.h; path = dialogs.h; sourceTree = "<group>"; };
		E584803613DCAA9000772AF3 /* seal_background.png */ = {isa = PBXFileReference; lastKnownFileType = image.png; path = seal_background.png; sourceTree = "<group>"; };
		E584806913DCB52800772AF3 /* UIView+FirstResponder.h */ = {isa = PBXFileReference; fileEncoding = 4; lastKnownFileType = sourcecode.c.h; path = "UIView+FirstResponder.h"; sourceTree = "<group>"; };
		E584806A13DCB52800772AF3 /* UIView+FirstResponder.m */ = {isa = PBXFileReference; fileEncoding = 4; lastKnownFileType = sourcecode.c.objc; path = "UIView+FirstResponder.m"; sourceTree = "<group>"; };
		E584906313DCD18A0034CF5C /* ASIAuthenticationDialog.h */ = {isa = PBXFileReference; fileEncoding = 4; lastKnownFileType = sourcecode.c.h; name = ASIAuthenticationDialog.h; path = ASI/ASIAuthenticationDialog.h; sourceTree = "<group>"; };
		E584906413DCD18A0034CF5C /* ASIAuthenticationDialog.m */ = {isa = PBXFileReference; fileEncoding = 4; lastKnownFileType = sourcecode.c.objc; name = ASIAuthenticationDialog.m; path = ASI/ASIAuthenticationDialog.m; sourceTree = "<group>"; };
		E584906513DCD18A0034CF5C /* ASICacheDelegate.h */ = {isa = PBXFileReference; fileEncoding = 4; lastKnownFileType = sourcecode.c.h; name = ASICacheDelegate.h; path = ASI/ASICacheDelegate.h; sourceTree = "<group>"; };
		E584906613DCD18A0034CF5C /* ASIDataCompressor.h */ = {isa = PBXFileReference; fileEncoding = 4; lastKnownFileType = sourcecode.c.h; name = ASIDataCompressor.h; path = ASI/ASIDataCompressor.h; sourceTree = "<group>"; };
		E584906713DCD18A0034CF5C /* ASIDataCompressor.m */ = {isa = PBXFileReference; fileEncoding = 4; lastKnownFileType = sourcecode.c.objc; name = ASIDataCompressor.m; path = ASI/ASIDataCompressor.m; sourceTree = "<group>"; };
		E584906813DCD18A0034CF5C /* ASIDataDecompressor.h */ = {isa = PBXFileReference; fileEncoding = 4; lastKnownFileType = sourcecode.c.h; name = ASIDataDecompressor.h; path = ASI/ASIDataDecompressor.h; sourceTree = "<group>"; };
		E584906913DCD18A0034CF5C /* ASIDataDecompressor.m */ = {isa = PBXFileReference; fileEncoding = 4; lastKnownFileType = sourcecode.c.objc; name = ASIDataDecompressor.m; path = ASI/ASIDataDecompressor.m; sourceTree = "<group>"; };
		E584906A13DCD18A0034CF5C /* ASIDownloadCache.h */ = {isa = PBXFileReference; fileEncoding = 4; lastKnownFileType = sourcecode.c.h; name = ASIDownloadCache.h; path = ASI/ASIDownloadCache.h; sourceTree = "<group>"; };
		E584906B13DCD18A0034CF5C /* ASIDownloadCache.m */ = {isa = PBXFileReference; fileEncoding = 4; lastKnownFileType = sourcecode.c.objc; name = ASIDownloadCache.m; path = ASI/ASIDownloadCache.m; sourceTree = "<group>"; };
		E584906C13DCD18A0034CF5C /* ASIFormDataRequest.h */ = {isa = PBXFileReference; fileEncoding = 4; lastKnownFileType = sourcecode.c.h; name = ASIFormDataRequest.h; path = ASI/ASIFormDataRequest.h; sourceTree = "<group>"; };
		E584906D13DCD18A0034CF5C /* ASIFormDataRequest.m */ = {isa = PBXFileReference; fileEncoding = 4; lastKnownFileType = sourcecode.c.objc; name = ASIFormDataRequest.m; path = ASI/ASIFormDataRequest.m; sourceTree = "<group>"; };
		E584906E13DCD18A0034CF5C /* ASIHTTPRequest.h */ = {isa = PBXFileReference; fileEncoding = 4; lastKnownFileType = sourcecode.c.h; name = ASIHTTPRequest.h; path = ASI/ASIHTTPRequest.h; sourceTree = "<group>"; };
		E584906F13DCD18A0034CF5C /* ASIHTTPRequest.m */ = {isa = PBXFileReference; fileEncoding = 4; lastKnownFileType = sourcecode.c.objc; name = ASIHTTPRequest.m; path = ASI/ASIHTTPRequest.m; sourceTree = "<group>"; };
		E584907013DCD18A0034CF5C /* ASIHTTPRequestConfig.h */ = {isa = PBXFileReference; fileEncoding = 4; lastKnownFileType = sourcecode.c.h; name = ASIHTTPRequestConfig.h; path = ASI/ASIHTTPRequestConfig.h; sourceTree = "<group>"; };
		E584907113DCD18A0034CF5C /* ASIHTTPRequestDelegate.h */ = {isa = PBXFileReference; fileEncoding = 4; lastKnownFileType = sourcecode.c.h; name = ASIHTTPRequestDelegate.h; path = ASI/ASIHTTPRequestDelegate.h; sourceTree = "<group>"; };
		E584907213DCD18A0034CF5C /* ASIInputStream.h */ = {isa = PBXFileReference; fileEncoding = 4; lastKnownFileType = sourcecode.c.h; name = ASIInputStream.h; path = ASI/ASIInputStream.h; sourceTree = "<group>"; };
		E584907313DCD18A0034CF5C /* ASIInputStream.m */ = {isa = PBXFileReference; fileEncoding = 4; lastKnownFileType = sourcecode.c.objc; name = ASIInputStream.m; path = ASI/ASIInputStream.m; sourceTree = "<group>"; };
		E584907413DCD18A0034CF5C /* ASINetworkQueue.h */ = {isa = PBXFileReference; fileEncoding = 4; lastKnownFileType = sourcecode.c.h; name = ASINetworkQueue.h; path = ASI/ASINetworkQueue.h; sourceTree = "<group>"; };
		E584907513DCD18A0034CF5C /* ASINetworkQueue.m */ = {isa = PBXFileReference; fileEncoding = 4; lastKnownFileType = sourcecode.c.objc; name = ASINetworkQueue.m; path = ASI/ASINetworkQueue.m; sourceTree = "<group>"; };
		E584907613DCD18A0034CF5C /* ASIProgressDelegate.h */ = {isa = PBXFileReference; fileEncoding = 4; lastKnownFileType = sourcecode.c.h; name = ASIProgressDelegate.h; path = ASI/ASIProgressDelegate.h; sourceTree = "<group>"; };
		E584907713DCD18A0034CF5C /* ASIWebPageRequest.h */ = {isa = PBXFileReference; fileEncoding = 4; lastKnownFileType = sourcecode.c.h; name = ASIWebPageRequest.h; path = ASI/ASIWebPageRequest.h; sourceTree = "<group>"; };
		E584907813DCD18A0034CF5C /* ASIWebPageRequest.m */ = {isa = PBXFileReference; fileEncoding = 4; lastKnownFileType = sourcecode.c.objc; name = ASIWebPageRequest.m; path = ASI/ASIWebPageRequest.m; sourceTree = "<group>"; };
		E584908713DCD24E0034CF5C /* Reachability.h */ = {isa = PBXFileReference; fileEncoding = 4; lastKnownFileType = sourcecode.c.h; path = Reachability.h; sourceTree = "<group>"; };
		E584908813DCD24E0034CF5C /* Reachability.m */ = {isa = PBXFileReference; fileEncoding = 4; lastKnownFileType = sourcecode.c.objc; path = Reachability.m; sourceTree = "<group>"; };
		E584909613DCD2990034CF5C /* CFNetwork.framework */ = {isa = PBXFileReference; lastKnownFileType = wrapper.framework; name = CFNetwork.framework; path = System/Library/Frameworks/CFNetwork.framework; sourceTree = SDKROOT; };
		E584909A13DCD2BD0034CF5C /* MobileCoreServices.framework */ = {isa = PBXFileReference; lastKnownFileType = wrapper.framework; name = MobileCoreServices.framework; path = System/Library/Frameworks/MobileCoreServices.framework; sourceTree = SDKROOT; };
		E584909E13DCD2D20034CF5C /* SystemConfiguration.framework */ = {isa = PBXFileReference; lastKnownFileType = wrapper.framework; name = SystemConfiguration.framework; path = System/Library/Frameworks/SystemConfiguration.framework; sourceTree = SDKROOT; };
/* End PBXFileReference section */

/* Begin PBXFrameworksBuildPhase section */
		1D60588F0D05DD3D006BFB54 /* Frameworks */ = {
			isa = PBXFrameworksBuildPhase;
			buildActionMask = 2147483647;
			files = (
				1D60589F0D05DD5A006BFB54 /* Foundation.framework in Frameworks */,
				1DF5F4E00D08C38300B7A737 /* UIKit.framework in Frameworks */,
				288765A50DF7441C002DB57D /* CoreGraphics.framework in Frameworks */,
				28D801B40F44B63D00FB423F /* CoreData.framework in Frameworks */,
				E5635CFD13DC22E5000DC94D /* libz.dylib in Frameworks */,
				E5847F7413DC9DC300772AF3 /* MessageUI.framework in Frameworks */,
				E584909713DCD2990034CF5C /* CFNetwork.framework in Frameworks */,
				E584909B13DCD2BD0034CF5C /* MobileCoreServices.framework in Frameworks */,
				E584909F13DCD2D20034CF5C /* SystemConfiguration.framework in Frameworks */,
				E50C934B13DD5974005DDE8B /* libobjc.A.dylib in Frameworks */,
				E53BA2E013DE1B080098761C /* libxml2.dylib in Frameworks */,
			);
			runOnlyForDeploymentPostprocessing = 0;
		};
/* End PBXFrameworksBuildPhase section */

/* Begin PBXGroup section */
		080E96DDFE201D6D7F000001 /* Classes */ = {
			isa = PBXGroup;
			children = (
				E5635D6413DC3205000DC94D /* config.h */,
				E5847F8413DC9E8000772AF3 /* dialogs.h */,
				E5635D0013DC23AA000DC94D /* Operations */,
				E556582413DB17E600479193 /* Support Classes */,
				E525AB8813D9D39600203B4C /* App Classes */,
			);
			path = Classes;
			sourceTree = "<group>";
		};
		19C28FACFE9D520D11CA2CBB /* Products */ = {
			isa = PBXGroup;
			children = (
				1D6058910D05DD3D006BFB54 /* Crimson_iPhone.app */,
			);
			name = Products;
			sourceTree = "<group>";
		};
		29B97314FDCFA39411CA2CEA /* CustomTemplate */ = {
			isa = PBXGroup;
			children = (
				080E96DDFE201D6D7F000001 /* Classes */,
				29B97315FDCFA39411CA2CEA /* Other Sources */,
				29B97317FDCFA39411CA2CEA /* Resources */,
				29B97323FDCFA39411CA2CEA /* Frameworks */,
				19C28FACFE9D520D11CA2CBB /* Products */,
			);
			name = CustomTemplate;
			sourceTree = "<group>";
		};
		29B97315FDCFA39411CA2CEA /* Other Sources */ = {
			isa = PBXGroup;
			children = (
				32CA4F630368D1EE00C91783 /* Crimson_iPhone_Prefix.pch */,
				29B97316FDCFA39411CA2CEA /* main.m */,
			);
			name = "Other Sources";
			sourceTree = "<group>";
		};
		29B97317FDCFA39411CA2CEA /* Resources */ = {
			isa = PBXGroup;
			children = (
				E55657FA13DB113E00479193 /* Assets */,
				E525ABA713D9D53600203B4C /* XIBs */,
				2819305F112F816700ECF9B4 /* Crimson_iPhone.xcdatamodeld */,
				8D1107310486CEB800E47090 /* Crimson_iPhone-Info.plist */,
			);
			name = Resources;
			sourceTree = "<group>";
		};
		29B97323FDCFA39411CA2CEA /* Frameworks */ = {
			isa = PBXGroup;
			children = (
				1DF5F4DF0D08C38300B7A737 /* UIKit.framework */,
				1D30AB110D05D00D00671497 /* Foundation.framework */,
				288765A40DF7441C002DB57D /* CoreGraphics.framework */,
				28D801B30F44B63D00FB423F /* CoreData.framework */,
				E5635CFC13DC22E5000DC94D /* libz.dylib */,
				E5847F7313DC9DC300772AF3 /* MessageUI.framework */,
				E584909613DCD2990034CF5C /* CFNetwork.framework */,
				E584909A13DCD2BD0034CF5C /* MobileCoreServices.framework */,
				E584909E13DCD2D20034CF5C /* SystemConfiguration.framework */,
				E50C934A13DD5974005DDE8B /* libobjc.A.dylib */,
				E53BA2DF13DE1B080098761C /* libxml2.dylib */,
			);
			name = Frameworks;
			sourceTree = "<group>";
		};
		E525AB8813D9D39600203B4C /* App Classes */ = {
			isa = PBXGroup;
			children = (
				1D3623240D0F684500981E51 /* Crimson_iPhoneAppDelegate.h */,
				1D3623250D0F684500981E51 /* Crimson_iPhoneAppDelegate.m */,
				E556579C13DB08F400479193 /* Models */,
				E55657AF13DB0C6000479193 /* Views */,
				E525AB8B13D9D3A000203B4C /* Controllers */,
			);
			name = "App Classes";
			sourceTree = "<group>";
		};
		E525AB8B13D9D3A000203B4C /* Controllers */ = {
			isa = PBXGroup;
			children = (
				E525ABC713D9D72C00203B4C /* FeedListViewController.h */,
				E525ABC813D9D72C00203B4C /* FeedListViewController.m */,
				E525ABA213D9D52E00203B4C /* NewsDetailViewController.h */,
				E525ABA313D9D52E00203B4C /* NewsDetailViewController.m */,
			);
			name = Controllers;
			sourceTree = "<group>";
		};
		E525ABA713D9D53600203B4C /* XIBs */ = {
			isa = PBXGroup;
			children = (
				28AD733E0D9D9553002E5188 /* MainWindow.xib */,
				E525ABC913D9D72C00203B4C /* FeedListViewController.xib */,
				E525ABA413D9D52E00203B4C /* NewsDetailViewController.xib */,
			);
			name = XIBs;
			sourceTree = "<group>";
		};
		E53BA2C813DE1A780098761C /* HTML Parsing */ = {
			isa = PBXGroup;
			children = (
				E53BA2C913DE1A8B0098761C /* HTMLNode.h */,
				E53BA2CA13DE1A8B0098761C /* HTMLNode.m */,
				E53BA2CB13DE1A8B0098761C /* HTMLParser.h */,
				E53BA2CC13DE1A8B0098761C /* HTMLParser.m */,
			);
			name = "HTML Parsing";
			sourceTree = "<group>";
		};
		E556579C13DB08F400479193 /* Models */ = {
			isa = PBXGroup;
			children = (
				E556579913DB08ED00479193 /* NewsItem.h */,
				E556579A13DB08ED00479193 /* NewsItem.m */,
				E57C8D3313DD83BE00B9D0DB /* BaseModel.h */,
				E57C8D3413DD83BE00B9D0DB /* BaseModel.m */,
				E57C8D3613DD83F200B9D0DB /* NSObjectAdditions.h */,
				E57C8D3713DD83F200B9D0DB /* NSObjectAdditions.m */,
			);
			name = Models;
			sourceTree = "<group>";
		};
		E55657AF13DB0C6000479193 /* Views */ = {
			isa = PBXGroup;
			children = (
				E55657B813DB0D5400479193 /* Interfaces */,
				E55657B013DB0C9100479193 /* ArticleTableViewCell.h */,
				E55657B113DB0C9100479193 /* ArticleTableViewCell.m */,
				E55657B313DB0CB400479193 /* BaseItemTableViewCell.h */,
				E55657B413DB0CB400479193 /* BaseItemTableViewCell.m */,
			);
			name = Views;
			sourceTree = "<group>";
		};
		E55657B813DB0D5400479193 /* Interfaces */ = {
			isa = PBXGroup;
			children = (
				E55657B913DB0D6100479193 /* NewsItemCellInterface.h */,
			);
			name = Interfaces;
			sourceTree = "<group>";
		};
		E55657FA13DB113E00479193 /* Assets */ = {
			isa = PBXGroup;
			children = (
				E584803613DCAA9000772AF3 /* seal_background.png */,
				E556583113DB195000479193 /* grey_seal.png */,
				E55657FD13DB117900479193 /* table_hr@2x.png */,
				E55657FB13DB116300479193 /* table_hr.png */,
			);
			name = Assets;
			sourceTree = "<group>";
		};
		E556582413DB17E600479193 /* Support Classes */ = {
			isa = PBXGroup;
			children = (
				E53BA2C813DE1A780098761C /* HTML Parsing */,
				E584908613DCD22E0034CF5C /* Reachability */,
				E584906113DCD1710034CF5C /* ASIHttpRequest */,
				E5635D6A13DC35CA000DC94D /* HTML String Helpers */,
				E5635CE413DC21E0000DC94D /* TBXML */,
				E55658B413DB1D1D00479193 /* SDWebImage */,
				E556582513DB17F100479193 /* UILabel+Categories.h */,
				E556582613DB17F100479193 /* UILabel+Categories.m */,
				E5635D2213DC2532000DC94D /* BGThreadProcesser.h */,
				E5635D2313DC2532000DC94D /* BGThreadProcesser.m */,
				E5635D7013DC383D000DC94D /* NSDate+RelativeDate.h */,
				E5635D7113DC383D000DC94D /* NSDate+RelativeDate.m */,
				E584806913DCB52800772AF3 /* UIView+FirstResponder.h */,
				E584806A13DCB52800772AF3 /* UIView+FirstResponder.m */,
			);
			name = "Support Classes";
			sourceTree = "<group>";
		};
		E55658B413DB1D1D00479193 /* SDWebImage */ = {
			isa = PBXGroup;
			children = (
				E55658B613DB1D4000479193 /* SDImageCache.h */,
				E55658B713DB1D4000479193 /* SDImageCache.m */,
				E55658B813DB1D4000479193 /* SDImageCacheDelegate.h */,
				E55658B913DB1D4000479193 /* SDWebImageCompat.h */,
				E55658BA13DB1D4000479193 /* SDWebImageDownloader.h */,
				E55658BB13DB1D4000479193 /* SDWebImageDownloader.m */,
				E55658BC13DB1D4000479193 /* SDWebImageDownloaderDelegate.h */,
				E55658BD13DB1D4000479193 /* SDWebImageManager.h */,
				E55658BE13DB1D4000479193 /* SDWebImageManager.m */,
				E55658BF13DB1D4000479193 /* SDWebImageManagerDelegate.h */,
				E55658C013DB1D4000479193 /* UIImageView+WebCache.h */,
				E55658C113DB1D4000479193 /* UIImageView+WebCache.m */,
			);
			name = SDWebImage;
			sourceTree = "<group>";
		};
		E5635CE413DC21E0000DC94D /* TBXML */ = {
			isa = PBXGroup;
			children = (
				E5635CE513DC21F6000DC94D /* NSDataAdditions.h */,
				E5635CE613DC21F6000DC94D /* NSDataAdditions.m */,
				E5635CE713DC21F6000DC94D /* TBXML.h */,
				E5635CE813DC21F6000DC94D /* TBXML.m */,
			);
			name = TBXML;
			sourceTree = "<group>";
		};
		E5635D0013DC23AA000DC94D /* Operations */ = {
			isa = PBXGroup;
			children = (
				E5635D0513DC23BB000DC94D /* RequestOperation.h */,
				E5635D0613DC23BB000DC94D /* RequestOperation.m */,
				E5635D5413DC2DA7000DC94D /* NewsRequestOperation.h */,
				E5635D5513DC2DA7000DC94D /* NewsRequestOperation.m */,
			);
			name = Operations;
			sourceTree = "<group>";
		};
		E5635D6A13DC35CA000DC94D /* HTML String Helpers */ = {
			isa = PBXGroup;
			children = (
				E5635D6B13DC35E7000DC94D /* GTMNSString+HTML.h */,
				E5635D6C13DC35E7000DC94D /* GTMNSString+HTML.m */,
				E5635D7713DC3971000DC94D /* GTMDefines.h */,
			);
			name = "HTML String Helpers";
			sourceTree = "<group>";
		};
		E584906113DCD1710034CF5C /* ASIHttpRequest */ = {
			isa = PBXGroup;
			children = (
				E584906313DCD18A0034CF5C /* ASIAuthenticationDialog.h */,
				E584906413DCD18A0034CF5C /* ASIAuthenticationDialog.m */,
				E584906513DCD18A0034CF5C /* ASICacheDelegate.h */,
				E584906613DCD18A0034CF5C /* ASIDataCompressor.h */,
				E584906713DCD18A0034CF5C /* ASIDataCompressor.m */,
				E584906813DCD18A0034CF5C /* ASIDataDecompressor.h */,
				E584906913DCD18A0034CF5C /* ASIDataDecompressor.m */,
				E584906A13DCD18A0034CF5C /* ASIDownloadCache.h */,
				E584906B13DCD18A0034CF5C /* ASIDownloadCache.m */,
				E584906C13DCD18A0034CF5C /* ASIFormDataRequest.h */,
				E584906D13DCD18A0034CF5C /* ASIFormDataRequest.m */,
				E584906E13DCD18A0034CF5C /* ASIHTTPRequest.h */,
				E584906F13DCD18A0034CF5C /* ASIHTTPRequest.m */,
				E584907013DCD18A0034CF5C /* ASIHTTPRequestConfig.h */,
				E584907113DCD18A0034CF5C /* ASIHTTPRequestDelegate.h */,
				E584907213DCD18A0034CF5C /* ASIInputStream.h */,
				E584907313DCD18A0034CF5C /* ASIInputStream.m */,
				E584907413DCD18A0034CF5C /* ASINetworkQueue.h */,
				E584907513DCD18A0034CF5C /* ASINetworkQueue.m */,
				E584907613DCD18A0034CF5C /* ASIProgressDelegate.h */,
				E584907713DCD18A0034CF5C /* ASIWebPageRequest.h */,
				E584907813DCD18A0034CF5C /* ASIWebPageRequest.m */,
			);
			name = ASIHttpRequest;
			sourceTree = "<group>";
		};
		E584908613DCD22E0034CF5C /* Reachability */ = {
			isa = PBXGroup;
			children = (
				E584908713DCD24E0034CF5C /* Reachability.h */,
				E584908813DCD24E0034CF5C /* Reachability.m */,
			);
			name = Reachability;
			sourceTree = "<group>";
		};
/* End PBXGroup section */

/* Begin PBXNativeTarget section */
		1D6058900D05DD3D006BFB54 /* Crimson_iPhone */ = {
			isa = PBXNativeTarget;
			buildConfigurationList = 1D6058960D05DD3E006BFB54 /* Build configuration list for PBXNativeTarget "Crimson_iPhone" */;
			buildPhases = (
				1D60588D0D05DD3D006BFB54 /* Resources */,
				1D60588E0D05DD3D006BFB54 /* Sources */,
				1D60588F0D05DD3D006BFB54 /* Frameworks */,
			);
			buildRules = (
			);
			dependencies = (
			);
			name = Crimson_iPhone;
			productName = Crimson_iPhone;
			productReference = 1D6058910D05DD3D006BFB54 /* Crimson_iPhone.app */;
			productType = "com.apple.product-type.application";
		};
/* End PBXNativeTarget section */

/* Begin PBXProject section */
		29B97313FDCFA39411CA2CEA /* Project object */ = {
			isa = PBXProject;
			buildConfigurationList = C01FCF4E08A954540054247B /* Build configuration list for PBXProject "Crimson_iPhone" */;
			compatibilityVersion = "Xcode 3.2";
			developmentRegion = English;
			hasScannedForEncodings = 1;
			knownRegions = (
				English,
				Japanese,
				French,
				German,
			);
			mainGroup = 29B97314FDCFA39411CA2CEA /* CustomTemplate */;
			projectDirPath = "";
			projectRoot = "";
			targets = (
				1D6058900D05DD3D006BFB54 /* Crimson_iPhone */,
			);
		};
/* End PBXProject section */

/* Begin PBXResourcesBuildPhase section */
		1D60588D0D05DD3D006BFB54 /* Resources */ = {
			isa = PBXResourcesBuildPhase;
			buildActionMask = 2147483647;
			files = (
				28AD733F0D9D9553002E5188 /* MainWindow.xib in Resources */,
				E525ABA613D9D52E00203B4C /* NewsDetailViewController.xib in Resources */,
				E525ABCB13D9D72C00203B4C /* FeedListViewController.xib in Resources */,
				E55657FC13DB116300479193 /* table_hr.png in Resources */,
				E55657FE13DB117900479193 /* table_hr@2x.png in Resources */,
				E556583213DB195000479193 /* grey_seal.png in Resources */,
				E584803713DCAA9000772AF3 /* seal_background.png in Resources */,
			);
			runOnlyForDeploymentPostprocessing = 0;
		};
/* End PBXResourcesBuildPhase section */

/* Begin PBXSourcesBuildPhase section */
		1D60588E0D05DD3D006BFB54 /* Sources */ = {
			isa = PBXSourcesBuildPhase;
			buildActionMask = 2147483647;
			files = (
				1D60589B0D05DD56006BFB54 /* main.m in Sources */,
				1D3623260D0F684500981E51 /* Crimson_iPhoneAppDelegate.m in Sources */,
				28193060112F816700ECF9B4 /* Crimson_iPhone.xcdatamodeld in Sources */,
				E525ABA513D9D52E00203B4C /* NewsDetailViewController.m in Sources */,
				E525ABCA13D9D72C00203B4C /* FeedListViewController.m in Sources */,
				E556579B13DB08ED00479193 /* NewsItem.m in Sources */,
				E55657B213DB0C9100479193 /* ArticleTableViewCell.m in Sources */,
				E55657B513DB0CB400479193 /* BaseItemTableViewCell.m in Sources */,
				E556582713DB17F100479193 /* UILabel+Categories.m in Sources */,
				E55658C213DB1D4000479193 /* SDImageCache.m in Sources */,
				E55658C313DB1D4000479193 /* SDWebImageDownloader.m in Sources */,
				E55658C413DB1D4000479193 /* SDWebImageManager.m in Sources */,
				E55658C513DB1D4000479193 /* UIImageView+WebCache.m in Sources */,
				E5635CE913DC21F6000DC94D /* NSDataAdditions.m in Sources */,
				E5635CEA13DC21F6000DC94D /* TBXML.m in Sources */,
				E5635D0713DC23BB000DC94D /* RequestOperation.m in Sources */,
				E5635D2413DC2532000DC94D /* BGThreadProcesser.m in Sources */,
				E5635D5613DC2DA7000DC94D /* NewsRequestOperation.m in Sources */,
				E5635D6D13DC35E7000DC94D /* GTMNSString+HTML.m in Sources */,
				E5635D7213DC383D000DC94D /* NSDate+RelativeDate.m in Sources */,
				E584806B13DCB52800772AF3 /* UIView+FirstResponder.m in Sources */,
				E584907913DCD18A0034CF5C /* ASIAuthenticationDialog.m in Sources */,
				E584907A13DCD18A0034CF5C /* ASIDataCompressor.m in Sources */,
				E584907B13DCD18A0034CF5C /* ASIDataDecompressor.m in Sources */,
				E584907C13DCD18A0034CF5C /* ASIDownloadCache.m in Sources */,
				E584907D13DCD18A0034CF5C /* ASIFormDataRequest.m in Sources */,
				E584907E13DCD18A0034CF5C /* ASIHTTPRequest.m in Sources */,
				E584907F13DCD18A0034CF5C /* ASIInputStream.m in Sources */,
				E584908013DCD18A0034CF5C /* ASINetworkQueue.m in Sources */,
				E584908113DCD18A0034CF5C /* ASIWebPageRequest.m in Sources */,
				E584908913DCD24E0034CF5C /* Reachability.m in Sources */,
				E57C8D3513DD83BE00B9D0DB /* BaseModel.m in Sources */,
				E57C8D3813DD83F200B9D0DB /* NSObjectAdditions.m in Sources */,
				E53BA2CD13DE1A8B0098761C /* HTMLNode.m in Sources */,
				E53BA2CE13DE1A8B0098761C /* HTMLParser.m in Sources */,
			);
			runOnlyForDeploymentPostprocessing = 0;
		};
/* End PBXSourcesBuildPhase section */

/* Begin XCBuildConfiguration section */
		1D6058940D05DD3E006BFB54 /* Debug */ = {
			isa = XCBuildConfiguration;
			buildSettings = {
				ALWAYS_SEARCH_USER_PATHS = NO;
				COPY_PHASE_STRIP = NO;
				GCC_DYNAMIC_NO_PIC = NO;
				GCC_OPTIMIZATION_LEVEL = 0;
				GCC_PRECOMPILE_PREFIX_HEADER = YES;
				GCC_PREFIX_HEADER = Crimson_iPhone_Prefix.pch;
				INFOPLIST_FILE = "Crimson_iPhone-Info.plist";
				PRODUCT_NAME = Crimson_iPhone;
			};
			name = Debug;
		};
		1D6058950D05DD3E006BFB54 /* Release */ = {
			isa = XCBuildConfiguration;
			buildSettings = {
				ALWAYS_SEARCH_USER_PATHS = NO;
				COPY_PHASE_STRIP = YES;
				GCC_PRECOMPILE_PREFIX_HEADER = YES;
				GCC_PREFIX_HEADER = Crimson_iPhone_Prefix.pch;
				INFOPLIST_FILE = "Crimson_iPhone-Info.plist";
				PRODUCT_NAME = Crimson_iPhone;
				VALIDATE_PRODUCT = YES;
			};
			name = Release;
		};
		C01FCF4F08A954540054247B /* Debug */ = {
			isa = XCBuildConfiguration;
			buildSettings = {
				ARCHS = "$(ARCHS_STANDARD_32_BIT)";
				"CODE_SIGN_IDENTITY[sdk=iphoneos*]" = "iPhone Developer";
				GCC_C_LANGUAGE_STANDARD = c99;
				GCC_WARN_ABOUT_RETURN_TYPE = YES;
				GCC_WARN_UNUSED_VARIABLE = YES;
				HEADER_SEARCH_PATHS = /usr/include/libxml2;
				OTHER_LDFLAGS = "-lxml2";
				PREBINDING = NO;
				SDKROOT = iphoneos;
			};
			name = Debug;
		};
		C01FCF5008A954540054247B /* Release */ = {
			isa = XCBuildConfiguration;
			buildSettings = {
				ARCHS = "$(ARCHS_STANDARD_32_BIT)";
				"CODE_SIGN_IDENTITY[sdk=iphoneos*]" = "iPhone Developer";
				GCC_C_LANGUAGE_STANDARD = c99;
				GCC_WARN_ABOUT_RETURN_TYPE = YES;
				GCC_WARN_UNUSED_VARIABLE = YES;
				HEADER_SEARCH_PATHS = /usr/include/libxml2;
				OTHER_CFLAGS = "-DNS_BLOCK_ASSERTIONS=1";
				OTHER_LDFLAGS = "-lxml2";
				PREBINDING = NO;
				SDKROOT = iphoneos;
			};
			name = Release;
		};
/* End XCBuildConfiguration section */

/* Begin XCConfigurationList section */
		1D6058960D05DD3E006BFB54 /* Build configuration list for PBXNativeTarget "Crimson_iPhone" */ = {
			isa = XCConfigurationList;
			buildConfigurations = (
				1D6058940D05DD3E006BFB54 /* Debug */,
				1D6058950D05DD3E006BFB54 /* Release */,
			);
			defaultConfigurationIsVisible = 0;
			defaultConfigurationName = Release;
		};
		C01FCF4E08A954540054247B /* Build configuration list for PBXProject "Crimson_iPhone" */ = {
			isa = XCConfigurationList;
			buildConfigurations = (
				C01FCF4F08A954540054247B /* Debug */,
				C01FCF5008A954540054247B /* Release */,
			);
			defaultConfigurationIsVisible = 0;
			defaultConfigurationName = Release;
		};
/* End XCConfigurationList section */

/* Begin XCVersionGroup section */
		2819305F112F816700ECF9B4 /* Crimson_iPhone.xcdatamodeld */ = {
			isa = XCVersionGroup;
			children = (
				28C3AD890F43EF2300507BA6 /* Crimson_iPhone.xcdatamodel */,
			);
			currentVersion = 28C3AD890F43EF2300507BA6 /* Crimson_iPhone.xcdatamodel */;
			path = Crimson_iPhone.xcdatamodeld;
			sourceTree = "<group>";
			versionGroupType = wrapper.xcdatamodel;
		};
/* End XCVersionGroup section */
	};
	rootObject = 29B97313FDCFA39411CA2CEA /* Project object */;
}
